
Microsoft Visual Studio Solution File, Format Version 12.00
# Visual Studio Version 16
VisualStudioVersion = 16.0.31410.357
MinimumVisualStudioVersion = 10.0.40219.1
Project("{FAE04EC0-301F-11D3-BF4B-00C04F79EFBC}") = "WindowsFormsApp", "WindowsFormsApp.csproj", "{C1BBEAD9-CC56-4F3A-9933-86D3DE32F260}"
EndProject
Global
	GlobalSection(SolutionConfigurationPlatforms) = preSolution
		Debug|Any CPU = Debug|Any CPU
		Release|Any CPU = Release|Any CPU
	EndGlobalSection
	GlobalSection(ProjectConfigurationPlatforms) = postSolution
		{C1BBEAD9-CC56-4F3A-9933-86D3DE32F260}.Debug|Any CPU.ActiveCfg = Debug|Any CPU
		{C1BBEAD9-CC56-4F3A-9933-86D3DE32F260}.Debug|Any CPU.Build.0 = Debug|Any CPU
		{C1BBEAD9-CC56-4F3A-9933-86D3DE32F260}.Release|Any CPU.ActiveCfg = Release|Any CPU
		{C1BBEAD9-CC56-4F3A-9933-86D3DE32F260}.Release|Any CPU.Build.0 = Release|Any CPU
	EndGlobalSection
	GlobalSection(SolutionProperties) = preSolution
		HideSolutionNode = FALSE
	EndGlobalSection
	GlobalSection(ExtensibilityGlobals) = postSolution
		SolutionGuid = {42FA7434-86CF-4C7B-B270-1C5626B2A125}
	EndGlobalSection
EndGlobal
